{
  "name": "organik-ecosystem",
  "version": "1.0.0",
  "lockfileVersion": 1,
  "requires": true,
  "dependencies": {
    "nanoid": {
      "version": "3.1.32",
      "resolved": "https://registry.npmjs.org/nanoid/-/nanoid-3.1.32.tgz",
      "integrity": "sha512-F8mf7R3iT9bvThBoW4tGXhXFHCctyCiUUPrWF8WaTqa3h96d9QybkSeba43XVOOE3oiLfkVDe4bT8MeGmkrTxw=="
    },
    "perlin-simplex": {
      "version": "0.0.3",
      "resolved": "https://registry.npmjs.org/perlin-simplex/-/perlin-simplex-0.0.3.tgz",
      "integrity": "sha512-fhLYrvCVxYlvStYUCZ2z0pWkrJX+PcfRvtTRbvegN3GxIEiOPmBbFFr0Uk2MJxqmjVrgnHuFQBcmyDQJ/kMp/w=="
    },
    "sylvester": {
      "version": "0.0.21",
      "resolved": "https://registry.npmjs.org/sylvester/-/sylvester-0.0.21.tgz",
      "integrity": "sha1-KYexzivS84sNzio0OIiEv6RADqc="
    }
  }
}
